
Microsoft Visual Studio Solution File, Format Version 12.00
# Visual Studio Version 17
VisualStudioVersion = 17.0.31919.166
MinimumVisualStudioVersion = 10.0.40219.1
Project("{FAE04EC0-301F-11D3-BF4B-00C04F79EFBC}") = "Atividade01", "Atividade01\Atividade01.csproj", "{124C30D1-E736-4296-A7A1-9B8D1EC17B96}"
EndProject
Global
	GlobalSection(SolutionConfigurationPlatforms) = preSolution
		Debug|Any CPU = Debug|Any CPU
		Release|Any CPU = Release|Any CPU
	EndGlobalSection
	GlobalSection(ProjectConfigurationPlatforms) = postSolution
		{124C30D1-E736-4296-A7A1-9B8D1EC17B96}.Debug|Any CPU.ActiveCfg = Debug|Any CPU
		{124C30D1-E736-4296-A7A1-9B8D1EC17B96}.Debug|Any CPU.Build.0 = Debug|Any CPU
		{124C30D1-E736-4296-A7A1-9B8D1EC17B96}.Release|Any CPU.ActiveCfg = Release|Any CPU
		{124C30D1-E736-4296-A7A1-9B8D1EC17B96}.Release|Any CPU.Build.0 = Release|Any CPU
	EndGlobalSection
	GlobalSection(SolutionProperties) = preSolution
		HideSolutionNode = FALSE
	EndGlobalSection
	GlobalSection(ExtensibilityGlobals) = postSolution
		SolutionGuid = {415E24FF-DD31-4A15-95C6-AE6023582AE5}
	EndGlobalSection
EndGlobal
